
Microsoft Visual Studio Solution File, Format Version 12.00
# Visual Studio 14
VisualStudioVersion = 14.0.25420.1
MinimumVisualStudioVersion = 10.0.40219.1
Project("{9092AA53-FB77-4645-B42D-1CCCA6BD08BD}") = "npmWeb", "npmWeb.njsproj", "{468BC631-1EEC-438C-B661-22A6C5E3DA72}"
EndProject
Project("{9092AA53-FB77-4645-B42D-1CCCA6BD08BD}") = "npmEcommerce", "..\npmEcommerce\npmEcommerce.njsproj", "{428CF30A-B362-4DC8-A115-A8A3348E66EA}"
EndProject
Global
	GlobalSection(SolutionConfigurationPlatforms) = preSolution
		Debug|Any CPU = Debug|Any CPU
		Release|Any CPU = Release|Any CPU
	EndGlobalSection
	GlobalSection(ProjectConfigurationPlatforms) = postSolution
		{468BC631-1EEC-438C-B661-22A6C5E3DA72}.Debug|Any CPU.ActiveCfg = Debug|Any CPU
		{468BC631-1EEC-438C-B661-22A6C5E3DA72}.Debug|Any CPU.Build.0 = Debug|Any CPU
		{468BC631-1EEC-438C-B661-22A6C5E3DA72}.Release|Any CPU.ActiveCfg = Release|Any CPU
		{468BC631-1EEC-438C-B661-22A6C5E3DA72}.Release|Any CPU.Build.0 = Release|Any CPU
		{428CF30A-B362-4DC8-A115-A8A3348E66EA}.Debug|Any CPU.ActiveCfg = Debug|Any CPU
		{428CF30A-B362-4DC8-A115-A8A3348E66EA}.Debug|Any CPU.Build.0 = Debug|Any CPU
		{428CF30A-B362-4DC8-A115-A8A3348E66EA}.Release|Any CPU.ActiveCfg = Release|Any CPU
		{428CF30A-B362-4DC8-A115-A8A3348E66EA}.Release|Any CPU.Build.0 = Release|Any CPU
	EndGlobalSection
	GlobalSection(SolutionProperties) = preSolution
		HideSolutionNode = FALSE
	EndGlobalSection
EndGlobal
